
Microsoft Visual Studio Solution File, Format Version 12.00
# Visual Studio Version 17
VisualStudioVersion = 17.0.31903.59
MinimumVisualStudioVersion = 10.0.40219.1
Project("{FAE04EC0-301F-11D3-BF4B-00C04F79EFBC}") = "RaceSystem.Presentation", "RaceSystem.Presentation\RaceSystem.Presentation.csproj", "{9B738446-9EDC-4564-BA13-E9C936EA377A}"
EndProject
Project("{FAE04EC0-301F-11D3-BF4B-00C04F79EFBC}") = "RaceProject.Application", "RaceProject.Application\RaceProject.Application.csproj", "{88CB65D5-5612-42E6-ACED-19157F004350}"
EndProject
Project("{FAE04EC0-301F-11D3-BF4B-00C04F79EFBC}") = "RaceProject.Contracts", "RaceProject.Contracts\RaceProject.Contracts.csproj", "{BF0A0992-D4F8-4A87-A92D-9A96185B5B88}"
EndProject
Project("{FAE04EC0-301F-11D3-BF4B-00C04F79EFBC}") = "RaceProject.Domain", "RaceProject.Domain\RaceProject.Domain.csproj", "{42964AB4-C9B8-47B7-A92C-67FEB28B01F2}"
EndProject
Project("{FAE04EC0-301F-11D3-BF4B-00C04F79EFBC}") = "RaceProject.Infrastructure", "RaceProject.Infrastructure\RaceProject.Infrastructure.csproj", "{EA5786E4-A185-4307-9721-5A564891DB5B}"
EndProject
Global
	GlobalSection(SolutionConfigurationPlatforms) = preSolution
		Debug|Any CPU = Debug|Any CPU
		Release|Any CPU = Release|Any CPU
	EndGlobalSection
	GlobalSection(SolutionProperties) = preSolution
		HideSolutionNode = FALSE
	EndGlobalSection
	GlobalSection(ProjectConfigurationPlatforms) = postSolution
		{9B738446-9EDC-4564-BA13-E9C936EA377A}.Debug|Any CPU.ActiveCfg = Debug|Any CPU
		{9B738446-9EDC-4564-BA13-E9C936EA377A}.Debug|Any CPU.Build.0 = Debug|Any CPU
		{9B738446-9EDC-4564-BA13-E9C936EA377A}.Release|Any CPU.ActiveCfg = Release|Any CPU
		{9B738446-9EDC-4564-BA13-E9C936EA377A}.Release|Any CPU.Build.0 = Release|Any CPU
		{88CB65D5-5612-42E6-ACED-19157F004350}.Debug|Any CPU.ActiveCfg = Debug|Any CPU
		{88CB65D5-5612-42E6-ACED-19157F004350}.Debug|Any CPU.Build.0 = Debug|Any CPU
		{88CB65D5-5612-42E6-ACED-19157F004350}.Release|Any CPU.ActiveCfg = Release|Any CPU
		{88CB65D5-5612-42E6-ACED-19157F004350}.Release|Any CPU.Build.0 = Release|Any CPU
		{BF0A0992-D4F8-4A87-A92D-9A96185B5B88}.Debug|Any CPU.ActiveCfg = Debug|Any CPU
		{BF0A0992-D4F8-4A87-A92D-9A96185B5B88}.Debug|Any CPU.Build.0 = Debug|Any CPU
		{BF0A0992-D4F8-4A87-A92D-9A96185B5B88}.Release|Any CPU.ActiveCfg = Release|Any CPU
		{BF0A0992-D4F8-4A87-A92D-9A96185B5B88}.Release|Any CPU.Build.0 = Release|Any CPU
		{42964AB4-C9B8-47B7-A92C-67FEB28B01F2}.Debug|Any CPU.ActiveCfg = Debug|Any CPU
		{42964AB4-C9B8-47B7-A92C-67FEB28B01F2}.Debug|Any CPU.Build.0 = Debug|Any CPU
		{42964AB4-C9B8-47B7-A92C-67FEB28B01F2}.Release|Any CPU.ActiveCfg = Release|Any CPU
		{42964AB4-C9B8-47B7-A92C-67FEB28B01F2}.Release|Any CPU.Build.0 = Release|Any CPU
		{EA5786E4-A185-4307-9721-5A564891DB5B}.Debug|Any CPU.ActiveCfg = Debug|Any CPU
		{EA5786E4-A185-4307-9721-5A564891DB5B}.Debug|Any CPU.Build.0 = Debug|Any CPU
		{EA5786E4-A185-4307-9721-5A564891DB5B}.Release|Any CPU.ActiveCfg = Release|Any CPU
		{EA5786E4-A185-4307-9721-5A564891DB5B}.Release|Any CPU.Build.0 = Release|Any CPU
	EndGlobalSection
EndGlobal
